
Microsoft Visual Studio Solution File, Format Version 12.00
# Visual Studio Version 17
VisualStudioVersion = 17.10.34902.84
MinimumVisualStudioVersion = 10.0.40219.1
Project("{FAE04EC0-301F-11D3-BF4B-00C04F79EFBC}") = "TsedeyDemoProject", "TsedeyDemoProject\TsedeyDemoProject.csproj", "{107C5F12-B358-4F98-97D7-331912F4DE34}"
EndProject
Global
	GlobalSection(SolutionConfigurationPlatforms) = preSolution
		Debug|Any CPU = Debug|Any CPU
		Release|Any CPU = Release|Any CPU
	EndGlobalSection
	GlobalSection(ProjectConfigurationPlatforms) = postSolution
		{107C5F12-B358-4F98-97D7-331912F4DE34}.Debug|Any CPU.ActiveCfg = Debug|Any CPU
		{107C5F12-B358-4F98-97D7-331912F4DE34}.Debug|Any CPU.Build.0 = Debug|Any CPU
		{107C5F12-B358-4F98-97D7-331912F4DE34}.Release|Any CPU.ActiveCfg = Release|Any CPU
		{107C5F12-B358-4F98-97D7-331912F4DE34}.Release|Any CPU.Build.0 = Release|Any CPU
	EndGlobalSection
	GlobalSection(SolutionProperties) = preSolution
		HideSolutionNode = FALSE
	EndGlobalSection
	GlobalSection(ExtensibilityGlobals) = postSolution
		SolutionGuid = {15175BD8-A32A-4871-8CEA-DA80EEAC7959}
	EndGlobalSection
EndGlobal
